
Microsoft Visual Studio Solution File, Format Version 12.00
# Visual Studio 14
VisualStudioVersion = 14.0.25420.1
MinimumVisualStudioVersion = 10.0.40219.1
Project("{FAE04EC0-301F-11D3-BF4B-00C04F79EFBC}") = "Google.Sheet.Api.Console", "Google.Sheet.Api.Console\Google.Sheet.Api.Console.csproj", "{AD4DA18A-92E1-4234-B76A-D5699E9625A1}"
EndProject
Global
	GlobalSection(SolutionConfigurationPlatforms) = preSolution
		Debug|Any CPU = Debug|Any CPU
		Release|Any CPU = Release|Any CPU
	EndGlobalSection
	GlobalSection(ProjectConfigurationPlatforms) = postSolution
		{AD4DA18A-92E1-4234-B76A-D5699E9625A1}.Debug|Any CPU.ActiveCfg = Debug|Any CPU
		{AD4DA18A-92E1-4234-B76A-D5699E9625A1}.Debug|Any CPU.Build.0 = Debug|Any CPU
		{AD4DA18A-92E1-4234-B76A-D5699E9625A1}.Release|Any CPU.ActiveCfg = Release|Any CPU
		{AD4DA18A-92E1-4234-B76A-D5699E9625A1}.Release|Any CPU.Build.0 = Release|Any CPU
	EndGlobalSection
	GlobalSection(SolutionProperties) = preSolution
		HideSolutionNode = FALSE
	EndGlobalSection
EndGlobal
